
Microsoft Visual Studio Solution File, Format Version 12.00
# Visual Studio Version 16
VisualStudioVersion = 16.0.30114.105
MinimumVisualStudioVersion = 10.0.40219.1
Project("{2150E333-8FDC-42A3-9474-1A3956D46DE8}") = "trace", "trace", "{A64112D2-3ED5-4607-B98B-3BBA5720B8B9}"
EndProject
Project("{FAE04EC0-301F-11D3-BF4B-00C04F79EFBC}") = "Console", "trace\console\Console.csproj", "{FDCB4D25-7205-48E8-A814-609753FE09CD}"
EndProject
Project("{FAE04EC0-301F-11D3-BF4B-00C04F79EFBC}") = "AspNetCoreApi", "trace\aspnet-api\AspNetCoreApi.csproj", "{19E0D29E-3EBD-43D9-ABC5-D46741C665B7}"
EndProject
Global
	GlobalSection(SolutionConfigurationPlatforms) = preSolution
		Debug|Any CPU = Debug|Any CPU
		Release|Any CPU = Release|Any CPU
	EndGlobalSection
	GlobalSection(SolutionProperties) = preSolution
		HideSolutionNode = FALSE
	EndGlobalSection
	GlobalSection(ProjectConfigurationPlatforms) = postSolution
		{FDCB4D25-7205-48E8-A814-609753FE09CD}.Debug|Any CPU.ActiveCfg = Debug|Any CPU
		{FDCB4D25-7205-48E8-A814-609753FE09CD}.Debug|Any CPU.Build.0 = Debug|Any CPU
		{FDCB4D25-7205-48E8-A814-609753FE09CD}.Release|Any CPU.ActiveCfg = Release|Any CPU
		{FDCB4D25-7205-48E8-A814-609753FE09CD}.Release|Any CPU.Build.0 = Release|Any CPU
		{19E0D29E-3EBD-43D9-ABC5-D46741C665B7}.Debug|Any CPU.ActiveCfg = Debug|Any CPU
		{19E0D29E-3EBD-43D9-ABC5-D46741C665B7}.Debug|Any CPU.Build.0 = Debug|Any CPU
		{19E0D29E-3EBD-43D9-ABC5-D46741C665B7}.Release|Any CPU.ActiveCfg = Release|Any CPU
		{19E0D29E-3EBD-43D9-ABC5-D46741C665B7}.Release|Any CPU.Build.0 = Release|Any CPU
	EndGlobalSection
	GlobalSection(NestedProjects) = preSolution
		{FDCB4D25-7205-48E8-A814-609753FE09CD} = {A64112D2-3ED5-4607-B98B-3BBA5720B8B9}
		{19E0D29E-3EBD-43D9-ABC5-D46741C665B7} = {A64112D2-3ED5-4607-B98B-3BBA5720B8B9}
	EndGlobalSection
EndGlobal
