github.com/bytedance/sonic v1.5.0/go.mod h1:ED5hyg4y6t3/9Ku1R6dU/4KyJ48DZ4jPhfY1O2AihPM=
github.com/bytedance/sonic v1.10.0-rc/go.mod h1:ElCzW+ufi8qKqNW0FY314xriJhyJhuoJ3gFZdAHF7NM=
github.com/bytedance/sonic v1.11.3 h1:jRN+yEjakWh8aK5FzrciUHG8OFXK+4/KrAX/ysEtHAA=
github.com/bytedance/sonic v1.11.3/go.mod h1:iZcSUejdk5aukTND/Eu/ivjQuEL0Cu9/rf50Hi0u/g4=
github.com/cenkalti/backoff/v4 v4.2.1 h1:y4OZtCnogmCPw98Zjyt5a6+QwPLGkiQsYW5oUqylYbM=
github.com/cenkalti/backoff/v4 v4.2.1/go.mod h1:Y3VNntkOUPxTVeUxJ/G5vcM//AlwfmyYozVcomhLiZE=
github.com/cenkalti/backoff/v4 v4.3.0 h1:MyRJ/UdXutAwSAT+s3wNd7MfTIcy71VQueUuFK343L8=
github.com/cenkalti/backoff/v4 v4.3.0/go.mod h1:Y3VNntkOUPxTVeUxJ/G5vcM//AlwfmyYozVcomhLiZE=
github.com/chenzhuoyu/base64x v0.0.0-20211019084208-fb5309c8db06/go.mod h1:DH46F32mSOjUmXrMHnKwZdA8wcEefY7UVqBKYGjpdQY=
github.com/chenzhuoyu/base64x v0.0.0-20221115062448-fe3a3abad311/go.mod h1:b583jCggY9gE99b6G5LEC39OIiVsWj+R97kbl5odCEk=
github.com/chenzhuoyu/base64x v0.0.0-20230717121745-296ad89f973d h1:77cEq6EriyTZ0g/qfRdp61a3Uu/AWrgIq2s0ClJV1g0=
github.com/chenzhuoyu/base64x v0.0.0-20230717121745-296ad89f973d/go.mod h1:8EPpVsBuRksnlj1mLy4AWzRNQYxauNi62uWcE3to6eA=
github.com/chenzhuoyu/iasm v0.9.0/go.mod h1:Xjy2NpN3h7aUqeqM+woSuuvxmIe6+DDsiNLIrkAmYog=
github.com/chenzhuoyu/iasm v0.9.1 h1:tUHQJXo3NhBqw6s33wkGn9SP3bvrWLdlVIJ3hQBL7P0=
github.com/chenzhuoyu/iasm v0.9.1/go.mod h1:Xjy2NpN3h7aUqeqM+woSuuvxmIe6+DDsiNLIrkAmYog=
github.com/creack/pty v1.1.9/go.mod h1:oKZEueFk5CKHvIhNR5MUki03XCEU+Q6VDXinZuGJ33E=
github.com/davecgh/go-spew v1.1.0/go.mod h1:J7Y8YcW2NihsgmVo/mv3lAwl/skON4iLHjSsI+c5H38=
github.com/davecgh/go-spew v1.1.1 h1:vj9j/u1bqnvCEfJOwUhtlOARqs3+rkHYY13jYWTU97c=
github.com/davecgh/go-spew v1.1.1/go.mod h1:J7Y8YcW2NihsgmVo/mv3lAwl/skON4iLHjSsI+c5H38=
github.com/gabriel-vasile/mimetype v1.4.3 h1:in2uUcidCuFcDKtdcBxlR0rJ1+fsokWf+uqxgUFjbI0=
github.com/gabriel-vasile/mimetype v1.4.3/go.mod h1:d8uq/6HKRL6CGdk+aubisF/M5GcPfT7nKyLpA0lbSSk=
github.com/gin-contrib/sse v0.1.0 h1:Y/yl/+YNO8GZSjAhjMsSuLt29uWRFHdHYUb5lYOV9qE=
github.com/gin-contrib/sse v0.1.0/go.mod h1:RHrZQHXnP2xjPF+u1gW/2HnVO7nvIa9PG3Gm+fLHvGI=
github.com/gin-gonic/gin v1.8.1 h1:4+fr/el88TOO3ewCmQr8cx/CtZ/umlIRIs5M4NTNjf8=
github.com/gin-gonic/gin v1.8.1/go.mod h1:ji8BvRH1azfM+SYow9zQ6SZMvR8qOMZHmsCuWR9tTTk=
github.com/gin-gonic/gin v1.9.1 h1:4idEAncQnU5cB7BeOkPtxjfCSye0AAm1R0RVIqJ+Jmg=
github.com/gin-gonic/gin v1.9.1/go.mod h1:hPrL7YrpYKXt5YId3A/Tnip5kqbEAP+KLuI3SUcPTeU=
github.com/go-logr/logr v1.2.2/go.mod h1:jdQByPbusPIv2/zmleS9BjJVeZ6kBagPoEUsqbVz/1A=
github.com/go-logr/logr v1.4.1 h1:pKouT5E8xu9zeFC39JXRDukb6JFQPXM5p5I91188VAQ=
github.com/go-logr/logr v1.4.1/go.mod h1:9T104GzyrTigFIr8wt5mBrctHMim0Nb2HLGrmQ40KvY=
github.com/go-logr/stdr v1.2.2 h1:hSWxHoqTgW2S2qGc0LTAI563KZ5YKYRhT3MFKZMbjag=
github.com/go-logr/stdr v1.2.2/go.mod h1:mMo/vtBO5dYbehREoey6XUKy/eSumjCCveDpRre4VKE=
github.com/go-playground/assert/v2 v2.0.1 h1:MsBgLAaY856+nPRTKrp3/OZK38U/wa0CcBYNjji3q3A=
github.com/go-playground/assert/v2 v2.0.1/go.mod h1:VDjEfimB/XKnb+ZQfWdccd7VUvScMdVu0Titje2rxJ4=
github.com/go-playground/assert/v2 v2.2.0 h1:JvknZsQTYeFEAhQwI4qEt9cyV5ONwRHC+lYKSsYSR8s=
github.com/go-playground/locales v0.14.0 h1:u50s323jtVGugKlcYeyzC0etD1HifMjqmJqb8WugfUU=
github.com/go-playground/locales v0.14.0/go.mod h1:sawfccIbzZTqEDETgFXqTho0QybSa7l++s0DH+LDiLs=
github.com/go-playground/locales v0.14.1 h1:EWaQ/wswjilfKLTECiXz7Rh+3BjFhfDFKv/oXslEjJA=
github.com/go-playground/locales v0.14.1/go.mod h1:hxrqLVvrK65+Rwrd5Fc6F2O76J/NuW9t0sjnWqG1slY=
github.com/go-playground/universal-translator v0.18.0 h1:82dyy6p4OuJq4/CByFNOn/jYrnRPArHwAcmLoJZxyho=
github.com/go-playground/universal-translator v0.18.0/go.mod h1:UvRDBj+xPUEGrFYl+lu/H90nyDXpg0fqeB/AQUGNTVA=
github.com/go-playground/universal-translator v0.18.1 h1:Bcnm0ZwsGyWbCzImXv+pAJnYK9S473LQFuzCbDbfSFY=
github.com/go-playground/universal-translator v0.18.1/go.mod h1:xekY+UJKNuX9WP91TpwSH2VMlDf28Uj24BCp08ZFTUY=
github.com/go-playground/validator/v10 v10.11.0 h1:0W+xRM511GY47Yy3bZUbJVitCNg2BOGlCyvTqsp/xIw=
github.com/go-playground/validator/v10 v10.11.0/go.mod h1:i+3WkQ1FvaUjjxh1kSvIA4dMGDBiPU55YFDl0WbKdWU=
github.com/go-playground/validator/v10 v10.19.0 h1:ol+5Fu+cSq9JD7SoSqe04GMI92cbn0+wvQ3bZ8b/AU4=
github.com/go-playground/validator/v10 v10.19.0/go.mod h1:dbuPbCMFw/DrkbEynArYaCwl3amGuJotoKCe95atGMM=
github.com/goccy/go-json v0.9.8 h1:DxXB6MLd6yyel7CLph8EwNIonUtVZd3Ue5iRcL4DQCE=
github.com/goccy/go-json v0.9.8/go.mod h1:6MelG93GURQebXPDq3khkgXZkazVtN9CRI+MGFi0w8I=
github.com/goccy/go-json v0.10.2 h1:CrxCmQqYDkv1z7lO7Wbh2HN93uovUHgrECaO5ZrCXAU=
github.com/goccy/go-json v0.10.2/go.mod h1:6MelG93GURQebXPDq3khkgXZkazVtN9CRI+MGFi0w8I=
github.com/golang/protobuf v1.5.0/go.mod h1:FsONVRAS9T7sI+LIUmWTfcYkHO4aIWwzhcaSAoJOfIk=
github.com/golang/protobuf v1.5.3 h1:KhyjKVUg7Usr/dYsdSqoFveMYd5ko72D+zANwlG1mmg=
github.com/golang/protobuf v1.5.3/go.mod h1:XVQd3VNwM+JqD3oG2Ue2ip4fOMUkwXdXDdiuN0vRsmY=
github.com/golang/protobuf v1.5.4 h1:i7eJL8qZTpSEXOPTxNKhASYpMn+8e5Q6AdndVa1dWek=
github.com/golang/protobuf v1.5.4/go.mod h1:lnTiLA8Wa4RWRcIUkrtSVa5nRhsEGBg48fD6rSs7xps=
github.com/google/go-cmp v0.5.5/go.mod h1:v8dTdLbMG2kIc/vJvl+f65V22dbkXbowE6jgT/gNBxE=
github.com/google/go-cmp v0.6.0 h1:ofyhxvXcZhMsU5ulbFiLKl/XBFqE1GSq7atu8tAmTRI=
github.com/google/go-cmp v0.6.0/go.mod h1:17dUlkBOakJ0+DkrSSNjCkIjxS6bF9zb3elmeNGIjoY=
github.com/google/gofuzz v1.0.0/go.mod h1:dBl0BpW6vV/+mYPU4Po3pmUjxk6FQPldtuIdl/M65Eg=
github.com/grpc-ecosystem/grpc-gateway/v2 v2.19.0 h1:Wqo399gCIufwto+VfwCSvsnfGpF/w5E9CNxSwbpD6No=
github.com/grpc-ecosystem/grpc-gateway/v2 v2.19.0/go.mod h1:qmOFXW2epJhM0qSnUUYpldc7gVz2KMQwJ/QYCDIa7XU=
github.com/grpc-ecosystem/grpc-gateway/v2 v2.19.1 h1:/c3QmbOGMGTOumP2iT/rCwB7b0QDGLKzqOmktBjT+Is=
github.com/grpc-ecosystem/grpc-gateway/v2 v2.19.1/go.mod h1:5SN9VR2LTsRFsrEC6FHgRbTWrTHu6tqPeKxEQv15giM=
github.com/json-iterator/go v1.1.12 h1:PV8peI4a0ysnczrg+LtxykD8LfKY9ML6u2jnxaEnrnM=
github.com/json-iterator/go v1.1.12/go.mod h1:e30LSqwooZae/UwlEbR2852Gd8hjQvJoHmT4TnhNGBo=
github.com/klauspost/cpuid/v2 v2.0.9/go.mod h1:FInQzS24/EEf25PyTYn52gqo7WaD8xa0213Md/qVLRg=
github.com/klauspost/cpuid/v2 v2.2.7 h1:ZWSB3igEs+d0qvnxR/ZBzXVmxkgt8DdzP6m9pfuVLDM=
github.com/klauspost/cpuid/v2 v2.2.7/go.mod h1:Lcz8mBdAVJIBVzewtcLocK12l3Y+JytZYpaMropDUws=
github.com/knz/go-libedit v1.10.1/go.mod h1:MZTVkCWyz0oBc7JOWP3wNAzd002ZbM/5hgShxwh4x8M=
github.com/kr/pretty v0.1.0/go.mod h1:dAy3ld7l9f0ibDNOQOHHMYYIIbhfbHSm3C4ZsoJORNo=
github.com/kr/pretty v0.2.1/go.mod h1:ipq/a2n7PKx3OHsz4KJII5eveXtPO4qwEXGdVfWzfnI=
github.com/kr/pretty v0.3.0/go.mod h1:640gp4NfQd8pI5XOwp5fnNeVWj67G7CFk/SaSQn7NBk=
github.com/kr/pretty v0.3.1 h1:flRD4NNwYAUpkphVc1HcthR4KEIFJ65n8Mw5qdRn3LE=
github.com/kr/pretty v0.3.1/go.mod h1:hoEshYVHaxMs3cyo3Yncou5ZscifuDolrwPKZanG3xk=
github.com/kr/pty v1.1.1/go.mod h1:pFQYn66WHrOpPYNljwOMqo10TkYh1fy3cYio2l3bCsQ=
github.com/kr/text v0.1.0/go.mod h1:4Jbv+DJW3UT/LiOwJeYQe1efqtUx/iVham/4vfdArNI=
github.com/kr/text v0.2.0 h1:5Nx0Ya0ZqY2ygV366QzturHI13Jq95ApcVaJBhpS+AY=
github.com/kr/text v0.2.0/go.mod h1:eLer722TekiGuMkidMxC/pM04lWEeraHUUmBw8l2grE=
github.com/leodido/go-urn v1.2.1 h1:BqpAaACuzVSgi/VLzGZIobT2z4v53pjosyNd9Yv6n/w=
github.com/leodido/go-urn v1.2.1/go.mod h1:zt4jvISO2HfUBqxjfIshjdMTYS56ZS/qv49ictyFfxY=
github.com/leodido/go-urn v1.4.0 h1:WT9HwE9SGECu3lg4d/dIA+jxlljEa1/ffXKmRjqdmIQ=
github.com/leodido/go-urn v1.4.0/go.mod h1:bvxc+MVxLKB4z00jd1z+Dvzr47oO32F/QSNjSBOlFxI=
github.com/mattn/go-isatty v0.0.14 h1:yVuAays6BHfxijgZPzw+3Zlu5yQgKGP2/hcQbHb7S9Y=
github.com/mattn/go-isatty v0.0.14/go.mod h1:7GGIvUiUoEMVVmxf/4nioHXj79iQHKdU27kJ6hsGG94=
github.com/mattn/go-isatty v0.0.20 h1:xfD0iDuEKnDkl03q4limB+vH+GxLEtL/jb4xVJSWWEY=
github.com/mattn/go-isatty v0.0.20/go.mod h1:W+V8PltTTMOvKvAeJH7IuucS94S2C6jfK/D7dTCTo3Y=
github.com/modern-go/concurrent v0.0.0-20180228061459-e0a39a4cb421/go.mod h1:6dJC0mAP4ikYIbvyc7fijjWJddQyLn8Ig3JB5CqoB9Q=
github.com/modern-go/concurrent v0.0.0-20180306012644-bacd9c7ef1dd h1:TRLaZ9cD/w8PVh93nsPXa1VrQ6jlwL5oN8l14QlcNfg=
github.com/modern-go/concurrent v0.0.0-20180306012644-bacd9c7ef1dd/go.mod h1:6dJC0mAP4ikYIbvyc7fijjWJddQyLn8Ig3JB5CqoB9Q=
github.com/modern-go/reflect2 v1.0.2 h1:xBagoLtFs94CBntxluKeaWgTMpvLxC4ur3nMaC9Gz0M=
github.com/modern-go/reflect2 v1.0.2/go.mod h1:yWuevngMOJpCy52FWWMvUC8ws7m/LJsjYzDa0/r8luk=
github.com/pelletier/go-toml/v2 v2.0.2 h1:+jQXlF3scKIcSEKkdHzXhCTDLPFi5r1wnK6yPS+49Gw=
github.com/pelletier/go-toml/v2 v2.0.2/go.mod h1:MovirKjgVRESsAvNZlAjtFwV867yGuwRkXbG66OzopI=
github.com/pelletier/go-toml/v2 v2.2.0 h1:QLgLl2yMN7N+ruc31VynXs1vhMZa7CeHHejIeBAsoHo=
github.com/pelletier/go-toml/v2 v2.2.0/go.mod h1:1t835xjRzz80PqgE6HHgN2JOsmgYu/h4qDAS4n929Rs=
github.com/pkg/diff v0.0.0-20210226163009-20ebb0f2a09e/go.mod h1:pJLUxLENpZxwdsKMEsNbx1VGcRFpLqf3715MtcvvzbA=
github.com/pmezard/go-difflib v1.0.0 h1:4DBwDE0NGyQoBHbLQYPwSUPoCMWR5BEzIk/f1lZbAQM=
github.com/pmezard/go-difflib v1.0.0/go.mod h1:iKH77koFhYxTK1pcRnkKkqfTogsbg7gZNVY4sRDYZ/4=
github.com/rogpeppe/go-internal v1.6.1/go.mod h1:xXDCJY+GAPziupqXw64V24skbSoqbTEfhy4qGm1nDQc=
github.com/rogpeppe/go-internal v1.8.0/go.mod h1:WmiCO8CzOY8rg0OYDC4/i/2WRWAB6poM+XZ2dLUbcbE=
github.com/rogpeppe/go-internal v1.10.0 h1:TMyTOH3F/DB16zRVcYyreMH6GnZZrwQVAoYjRBZyWFQ=
github.com/rogpeppe/go-internal v1.10.0/go.mod h1:UQnix2H7Ngw/k4C5ijL5+65zddjncjaFoBhdsK/akog=
github.com/stretchr/objx v0.1.0/go.mod h1:HFkY916IF+rwdDfMAkV7OtwuqBVzrE8GR6GFx+wExME=
github.com/stretchr/objx v0.4.0/go.mod h1:YvHI0jy2hoMjB+UWwv71VJQ9isScKT/TqJzVSSt89Yw=
github.com/stretchr/objx v0.5.0/go.mod h1:Yh+to48EsGEfYuaHDzXPcE3xhTkx73EhmCGUpEOglKo=
github.com/stretchr/objx v0.5.2/go.mod h1:FRsXN1f5AsAjCGJKqEizvkpNtU+EGNCLh3NxZ/8L+MA=
github.com/stretchr/testify v1.3.0/go.mod h1:M5WIy9Dh21IEIfnGCwXGc5bZfKNJtfHm1UVUgZn+9EI=
github.com/stretchr/testify v1.6.1/go.mod h1:6Fq8oRcR53rry900zMqJjRRixrwX3KX962/h/Wwjteg=
github.com/stretchr/testify v1.7.0/go.mod h1:6Fq8oRcR53rry900zMqJjRRixrwX3KX962/h/Wwjteg=
github.com/stretchr/testify v1.7.1/go.mod h1:6Fq8oRcR53rry900zMqJjRRixrwX3KX962/h/Wwjteg=
github.com/stretchr/testify v1.7.2/go.mod h1:R6va5+xMeoiuVRoj+gSkQ7d3FALtqAAGI1FQKckRals=
github.com/stretchr/testify v1.8.0/go.mod h1:yNjHg4UonilssWZ8iaSj1OCr/vHnekPRkoO+kdMU+MU=
github.com/stretchr/testify v1.8.1/go.mod h1:w2LPCIKwWwSfY2zedu0+kehJoqGctiVI29o6fzry7u4=
github.com/stretchr/testify v1.8.4 h1:CcVxjf3Q8PM0mHUKJCdn+eZZtm5yQwehR5yeSVQQcUk=
github.com/stretchr/testify v1.8.4/go.mod h1:sz/lmYIOXD/1dqDmKjjqLyZ2RngseejIcXlSw2iwfAo=
github.com/stretchr/testify v1.9.0/go.mod h1:r2ic/lqez/lEtzL7wO/rwa5dbSLXVDPFyf8C91i36aY=
github.com/twitchyliquid64/golang-asm v0.15.1 h1:SU5vSMR7hnwNxj24w34ZyCi/FmDZTkS4MhqMhdFk5YI=
github.com/twitchyliquid64/golang-asm v0.15.1/go.mod h1:a1lVb/DtPvCB8fslRZhAngC2+aY1QWCk3Cedj/Gdt08=
github.com/ugorji/go v1.2.7/go.mod h1:nF9osbDWLy6bDVv/Rtoh6QgnvNDpmCalQV5urGCCS6M=
github.com/ugorji/go/codec v1.2.7 h1:YPXUKf7fYbp/y8xloBqZOw2qaVggbfwMlI8WM3wZUJ0=
github.com/ugorji/go/codec v1.2.7/go.mod h1:WGN1fab3R1fzQlVQTkfxVtIBhWDRqOviHU95kRgeqEY=
github.com/ugorji/go/codec v1.2.12 h1:9LC83zGrHhuUA9l16C9AHXAqEV/2wBQ4nkvumAE65EE=
github.com/ugorji/go/codec v1.2.12/go.mod h1:UNopzCgEMSXjBc6AOMqYvWC1ktqTAfzJZUZgYf6w6lg=
go.opentelemetry.io/contrib/instrumentation/github.com/gin-gonic/gin/otelgin v0.33.0 h1:KSbl2qTxtnMsRxTsdRPPpukO5gZTM/CFzpMnKrWHLOI=
go.opentelemetry.io/contrib/instrumentation/github.com/gin-gonic/gin/otelgin v0.33.0/go.mod h1:fzxcfynVhcv+KZ0g61JXmDydR6HOTOlqUFTUeeAxanY=
go.opentelemetry.io/contrib/instrumentation/github.com/gin-gonic/gin/otelgin v0.50.0 h1:LLz31zcmHs6aB8bi2we+tzO0tr5oW7yZp3x06qR5YoI=
go.opentelemetry.io/contrib/instrumentation/github.com/gin-gonic/gin/otelgin v0.50.0/go.mod h1:UdPyzt6g4yEwcz9QjnCC1HB2yqadJgpFo9m5ddGweU0=
go.opentelemetry.io/contrib/instrumentation/github.com/gin-gonic/gin/otelgin v0.51.0 h1:YtDR4UCXpMJJb5Z5h5FD47uwL4NFxoJ6brW4FZ/+/5o=
go.opentelemetry.io/contrib/instrumentation/github.com/gin-gonic/gin/otelgin v0.51.0/go.mod h1:JWEIoUElJ0VTo4VaUTCJDr9yCKxJ5jtjN7lFl06cT6g=
go.opentelemetry.io/contrib/propagators/b3 v1.8.0 h1:l6+IOjo7VzRWuYeKM/uDUkKOQvG22jDV3l8zs9+f1w0=
go.opentelemetry.io/contrib/propagators/b3 v1.8.0/go.mod h1:fqKNRj1Bkecfq8v1T1H0q5di1ZHZK8fuSNpVn56tlAU=
go.opentelemetry.io/contrib/propagators/b3 v1.25.0 h1:QU8UEKyPqgr/8vCC9LlDmkPnfFmiWAUF9GtJdcLz+BU=
go.opentelemetry.io/otel v1.24.0 h1:0LAOdjNmQeSTzGBzduGe/rU4tZhMwL5rWgtp9Ku5Jfo=
go.opentelemetry.io/otel v1.24.0/go.mod h1:W7b9Ozg4nkF5tWI5zsXkaKKDjdVjpD4oAt9Qi/MArHo=
go.opentelemetry.io/otel v1.25.0 h1:gldB5FfhRl7OJQbUHt/8s0a7cE8fbsPAtdpRaApKy4k=
go.opentelemetry.io/otel v1.25.0/go.mod h1:Wa2ds5NOXEMkCmUou1WA7ZBfLTHWIsp034OVD7AO+Vg=
go.opentelemetry.io/otel v1.26.0 h1:LQwgL5s/1W7YiiRwxf03QGnWLb2HW4pLiAhaA5cZXBs=
go.opentelemetry.io/otel v1.26.0/go.mod h1:UmLkJHUAidDval2EICqBMbnAd0/m2vmpf/dAM+fvFs4=
go.opentelemetry.io/otel/exporters/otlp/otlptrace v1.24.0 h1:t6wl9SPayj+c7lEIFgm4ooDBZVb01IhLB4InpomhRw8=
go.opentelemetry.io/otel/exporters/otlp/otlptrace v1.24.0/go.mod h1:iSDOcsnSA5INXzZtwaBPrKp/lWu/V14Dd+llD0oI2EA=
go.opentelemetry.io/otel/exporters/otlp/otlptrace v1.25.0 h1:dT33yIHtmsqpixFsSQPwNeY5drM9wTcoL8h0FWF4oGM=
go.opentelemetry.io/otel/exporters/otlp/otlptrace v1.25.0/go.mod h1:h95q0LBGh7hlAC08X2DhSeyIG02YQ0UyioTCVAqRPmc=
go.opentelemetry.io/otel/exporters/otlp/otlptrace v1.26.0 h1:1u/AyyOqAWzy+SkPxDpahCNZParHV8Vid1RnI2clyDE=
go.opentelemetry.io/otel/exporters/otlp/otlptrace v1.26.0/go.mod h1:z46paqbJ9l7c9fIPCXTqTGwhQZ5XoTIsfeFYWboizjs=
go.opentelemetry.io/otel/exporters/otlp/otlptrace/otlptracegrpc v1.24.0 h1:Mw5xcxMwlqoJd97vwPxA8isEaIoxsta9/Q51+TTJLGE=
go.opentelemetry.io/otel/exporters/otlp/otlptrace/otlptracegrpc v1.24.0/go.mod h1:CQNu9bj7o7mC6U7+CA/schKEYakYXWr79ucDHTMGhCM=
go.opentelemetry.io/otel/exporters/otlp/otlptrace/otlptracegrpc v1.25.0 h1:vOL89uRfOCCNIjkisd0r7SEdJF3ZJFyCNY34fdZs8eU=
go.opentelemetry.io/otel/exporters/otlp/otlptrace/otlptracegrpc v1.25.0/go.mod h1:8GlBGcDk8KKi7n+2S4BT/CPZQYH3erLu0/k64r1MYgo=
go.opentelemetry.io/otel/exporters/otlp/otlptrace/otlptracegrpc v1.26.0 h1:Waw9Wfpo/IXzOI8bCB7DIk+0JZcqqsyn1JFnAc+iam8=
go.opentelemetry.io/otel/exporters/otlp/otlptrace/otlptracegrpc v1.26.0/go.mod h1:wnJIG4fOqyynOnnQF/eQb4/16VlX2EJAHhHgqIqWfAo=
go.opentelemetry.io/otel/metric v1.24.0 h1:6EhoGWWK28x1fbpA4tYTOWBkPefTDQnb8WSGXlc88kI=
go.opentelemetry.io/otel/metric v1.24.0/go.mod h1:VYhLe1rFfxuTXLgj4CBiyz+9WYBA8pNGJgDcSFRKBco=
go.opentelemetry.io/otel/metric v1.25.0 h1:LUKbS7ArpFL/I2jJHdJcqMGxkRdxpPHE0VU/D4NuEwA=
go.opentelemetry.io/otel/metric v1.25.0/go.mod h1:rkDLUSd2lC5lq2dFNrX9LGAbINP5B7WBkC78RXCpH5s=
go.opentelemetry.io/otel/metric v1.26.0 h1:7S39CLuY5Jgg9CrnA9HHiEjGMF/X2VHvoXGgSllRz30=
go.opentelemetry.io/otel/metric v1.26.0/go.mod h1:SY+rHOI4cEawI9a7N1A4nIg/nTQXe1ccCNWYOJUrpX4=
go.opentelemetry.io/otel/sdk v1.24.0 h1:YMPPDNymmQN3ZgczicBY3B6sf9n62Dlj9pWD3ucgoDw=
go.opentelemetry.io/otel/sdk v1.24.0/go.mod h1:KVrIYw6tEubO9E96HQpcmpTKDVn9gdv35HoYiQWGDFg=
go.opentelemetry.io/otel/sdk v1.25.0 h1:PDryEJPC8YJZQSyLY5eqLeafHtG+X7FWnf3aXMtxbqo=
go.opentelemetry.io/otel/sdk v1.25.0/go.mod h1:oFgzCM2zdsxKzz6zwpTZYLLQsFwc+K0daArPdIhuxkw=
go.opentelemetry.io/otel/sdk v1.26.0 h1:Y7bumHf5tAiDlRYFmGqetNcLaVUZmh4iYfmGxtmz7F8=
go.opentelemetry.io/otel/sdk v1.26.0/go.mod h1:0p8MXpqLeJ0pzcszQQN4F0S5FVjBLgypeGSngLsmirs=
go.opentelemetry.io/otel/trace v1.24.0 h1:CsKnnL4dUAr/0llH9FKuc698G04IrpWV0MQA/Y1YELI=
go.opentelemetry.io/otel/trace v1.24.0/go.mod h1:HPc3Xr/cOApsBI154IU0OI0HJexz+aw5uPdbs3UCjNU=
go.opentelemetry.io/otel/trace v1.25.0 h1:tqukZGLwQYRIFtSQM2u2+yfMVTgGVeqRLPUYx1Dq6RM=
go.opentelemetry.io/otel/trace v1.25.0/go.mod h1:hCCs70XM/ljO+BeQkyFnbK28SBIJ/Emuha+ccrCRT7I=
go.opentelemetry.io/otel/trace v1.26.0 h1:1ieeAUb4y0TE26jUFrCIXKpTuVK7uJGN9/Z/2LP5sQA=
go.opentelemetry.io/otel/trace v1.26.0/go.mod h1:4iDxvGDQuUkHve82hJJ8UqrwswHYsZuWCBllGV2U2y0=
go.opentelemetry.io/proto/otlp v1.1.0 h1:2Di21piLrCqJ3U3eXGCTPHE9R8Nh+0uglSnOyxikMeI=
go.opentelemetry.io/proto/otlp v1.1.0/go.mod h1:GpBHCBWiqvVLDqmHZsoMM3C5ySeKTC7ej/RNTae6MdY=
go.opentelemetry.io/proto/otlp v1.2.0 h1:pVeZGk7nXDC9O2hncA6nHldxEjm6LByfA2aN8IOkz94=
go.opentelemetry.io/proto/otlp v1.2.0/go.mod h1:gGpR8txAl5M03pDhMC79G6SdqNV26naRm/KDsgaHD8A=
go.uber.org/goleak v1.3.0 h1:2K3zAYmnTNqV73imy9J1T3WC+gmCePx2hEGkimedGto=
go.uber.org/goleak v1.3.0/go.mod h1:CoHD4mav9JJNrW/WLlf7HGZPjdw8EucARQHekz1X6bE=
golang.org/x/arch v0.0.0-20210923205945-b76863e36670/go.mod h1:5om86z9Hs0C8fWVUuoMHwpExlXzs5Tkyp9hOrfG7pp8=
golang.org/x/arch v0.7.0 h1:pskyeJh/3AmoQ8CPE95vxHLqp1G1GfGNXTmcl9NEKTc=
golang.org/x/arch v0.7.0/go.mod h1:FEVrYAQjsQXMVJ1nsMoVVXPZg6p2JE2mx8psSWTDQys=
golang.org/x/crypto v0.0.0-20211215153901-e495a2d5b3d3/go.mod h1:IxCIyHEi3zRg3s0A5j5BB6A9Jmi73HwBIUl50j+osU4=
golang.org/x/crypto v0.16.0 h1:mMMrFzRSCF0GvB7Ne27XVtVAaXLrPmgPC7/v0tkwHaY=
golang.org/x/crypto v0.16.0/go.mod h1:gCAAfMLgwOJRpTjQ2zCCt2OcSfYMTeZVSRtQlPC7Nq4=
golang.org/x/crypto v0.22.0 h1:g1v0xeRhjcugydODzvb3mEM9SQ0HGp9s/nh3COQ/C30=
golang.org/x/crypto v0.22.0/go.mod h1:vr6Su+7cTlO45qkww3VDJlzDn0ctJvRgYbC2NvXHt+M=
golang.org/x/net v0.0.0-20211112202133-69e39bad7dc2/go.mod h1:9nx3DQGgdP8bBQD5qxJ1jj9UTztislL4KSBs9R2vV5Y=
golang.org/x/net v0.19.0 h1:zTwKpTd2XuCqf8huc7Fo2iSy+4RHPd10s4KzeTnVr1c=
golang.org/x/net v0.19.0/go.mod h1:CfAk/cbD4CthTvqiEl8NpboMuiuOYsAr/7NOjZJtv1U=
golang.org/x/net v0.24.0 h1:1PcaxkF854Fu3+lvBIx5SYn9wRlBzzcnHZSiaFFAb0w=
golang.org/x/net v0.24.0/go.mod h1:2Q7sJY5mzlzWjKtYUEXSlBWCdyaioyXzRB2RtU8KVE8=
golang.org/x/sys v0.0.0-20201119102817-f84b799fce68/go.mod h1:h1NjWce9XRLGQEsW7wpKNCjG9DtNlClVuFLEZdDNbEs=
golang.org/x/sys v0.0.0-20210423082822-04245dca01da/go.mod h1:h1NjWce9XRLGQEsW7wpKNCjG9DtNlClVuFLEZdDNbEs=
golang.org/x/sys v0.0.0-20210615035016-665e8c7367d1/go.mod h1:oPkhp1MJrh7nUepCBck5+mAzfO9JrbApNNgaTdGDITg=
golang.org/x/sys v0.0.0-20210630005230-0f9fa26af87c/go.mod h1:oPkhp1MJrh7nUepCBck5+mAzfO9JrbApNNgaTdGDITg=
golang.org/x/sys v0.0.0-20210806184541-e5e7981a1069/go.mod h1:oPkhp1MJrh7nUepCBck5+mAzfO9JrbApNNgaTdGDITg=
golang.org/x/sys v0.5.0/go.mod h1:oPkhp1MJrh7nUepCBck5+mAzfO9JrbApNNgaTdGDITg=
golang.org/x/sys v0.6.0/go.mod h1:oPkhp1MJrh7nUepCBck5+mAzfO9JrbApNNgaTdGDITg=
golang.org/x/sys v0.17.0 h1:25cE3gD+tdBA7lp7QfhuV+rJiE9YXTcS3VG1SqssI/Y=
golang.org/x/sys v0.17.0/go.mod h1:/VUhepiaJMQUp4+oa/7Zr1D23ma6VTLIYjOOTFZPUcA=
golang.org/x/sys v0.19.0 h1:q5f1RH2jigJ1MoAWp2KTp3gm5zAGFUTarQZ5U386+4o=
golang.org/x/sys v0.19.0/go.mod h1:/VUhepiaJMQUp4+oa/7Zr1D23ma6VTLIYjOOTFZPUcA=
golang.org/x/term v0.0.0-20201126162022-7de9c90e9dd1/go.mod h1:bj7SfCRtBDWHUb9snDiAeCFNEtKQo2Wmx5Cou7ajbmo=
golang.org/x/text v0.3.6/go.mod h1:5Zoc/QRtKVWzQhOtBMvqHzDpF6irO9z98xDceosuGiQ=
golang.org/x/text v0.3.7/go.mod h1:u+2+/6zg+i71rQMx5EYifcz6MCKuco9NR6JIITiCfzQ=
golang.org/x/text v0.14.0 h1:ScX5w1eTa3QqT8oi6+ziP7dTV1S2+ALU0bI+0zXKWiQ=
golang.org/x/text v0.14.0/go.mod h1:18ZOQIKpY8NJVqYksKHtTdi31H5itFRjB5/qKTNYzSU=
golang.org/x/tools v0.0.0-20180917221912-90fa682c2a6e/go.mod h1:n7NCudcB/nEzxVGmLbDWY5pfWTLqBcC2KZ6jyYvM4mQ=
golang.org/x/xerrors v0.0.0-20191204190536-9bdfabe68543/go.mod h1:I/5z698sn9Ka8TeJc9MKroUUfqBBauWjQqLJ2OPfmY0=
google.golang.org/genproto v0.0.0-20231212172506-995d672761c0 h1:YJ5pD9rF8o9Qtta0Cmy9rdBwkSjrTCT6XTiUQVOtIos=
google.golang.org/genproto v0.0.0-20231212172506-995d672761c0/go.mod h1:l/k7rMz0vFTBPy+tFSGvXEd3z+BcoG1k7EHbqm+YBsY=
google.golang.org/genproto/googleapis/api v0.0.0-20240102182953-50ed04b92917 h1:rcS6EyEaoCO52hQDupoSfrxI3R6C2Tq741is7X8OvnM=
google.golang.org/genproto/googleapis/api v0.0.0-20240102182953-50ed04b92917/go.mod h1:CmlNWB9lSezaYELKS5Ym1r44VrrbPUa7JTvw+6MbpJ0=
google.golang.org/genproto/googleapis/api v0.0.0-20240401170217-c3f982113cda h1:b6F6WIV4xHHD0FA4oIyzU6mHWg2WI2X1RBehwa5QN38=
google.golang.org/genproto/googleapis/api v0.0.0-20240401170217-c3f982113cda/go.mod h1:AHcE/gZH76Bk/ROZhQphlRoWo5xKDEtz3eVEO1LfA8c=
google.golang.org/genproto/googleapis/rpc v0.0.0-20240102182953-50ed04b92917 h1:6G8oQ016D88m1xAKljMlBOOGWDZkes4kMhgGFlf8WcQ=
google.golang.org/genproto/googleapis/rpc v0.0.0-20240102182953-50ed04b92917/go.mod h1:xtjpI3tXFPP051KaWnhvxkiubL/6dJ18vLVf7q2pTOU=
google.golang.org/genproto/googleapis/rpc v0.0.0-20240401170217-c3f982113cda h1:LI5DOvAxUPMv/50agcLLoo+AdWc1irS9Rzz4vPuD1V4=
google.golang.org/genproto/googleapis/rpc v0.0.0-20240401170217-c3f982113cda/go.mod h1:WtryC6hu0hhx87FDGxWCDptyssuo68sk10vYjF+T9fY=
google.golang.org/grpc v1.61.1 h1:kLAiWrZs7YeDM6MumDe7m3y4aM6wacLzM1Y/wiLP9XY=
google.golang.org/grpc v1.61.1/go.mod h1:VUbo7IFqmF1QtCAstipjG0GIoq49KvMe9+h1jFLBNJs=
google.golang.org/grpc v1.63.0 h1:WjKe+dnvABXyPJMD7KDNLxtoGk5tgk+YFWN6cBWjZE8=
google.golang.org/grpc v1.63.0/go.mod h1:WAX/8DgncnokcFUldAxq7GeB5DXHDbMF+lLvDomNkRA=
google.golang.org/grpc v1.63.2 h1:MUeiw1B2maTVZthpU5xvASfTh3LDbxHd6IJ6QQVU+xM=
google.golang.org/grpc v1.63.2/go.mod h1:WAX/8DgncnokcFUldAxq7GeB5DXHDbMF+lLvDomNkRA=
google.golang.org/protobuf v1.26.0-rc.1/go.mod h1:jlhhOSvTdKEhbULTjvd4ARK9grFBp09yW+WbY/TyQbw=
google.golang.org/protobuf v1.26.0/go.mod h1:9q0QmTI4eRPtz6boOQmLYwt+qCgq0jsYwAQnmE0givc=
google.golang.org/protobuf v1.32.0 h1:pPC6BG5ex8PDFnkbrGU3EixyhKcQ2aDuBS36lqK/C7I=
google.golang.org/protobuf v1.32.0/go.mod h1:c6P6GXX6sHbq/GpV6MGZEdwhWPcYBgnhAHhKbcUYpos=
google.golang.org/protobuf v1.33.0 h1:uNO2rsAINq/JlFpSdYEKIZ0uKD/R9cpdv0T+yoGwGmI=
google.golang.org/protobuf v1.33.0/go.mod h1:c6P6GXX6sHbq/GpV6MGZEdwhWPcYBgnhAHhKbcUYpos=
gopkg.in/check.v1 v0.0.0-20161208181325-20d25e280405/go.mod h1:Co6ibVJAznAaIkqp8huTwlJQCZ016jof/cbN4VW5Yz0=
gopkg.in/check.v1 v1.0.0-20180628173108-788fd7840127/go.mod h1:Co6ibVJAznAaIkqp8huTwlJQCZ016jof/cbN4VW5Yz0=
gopkg.in/check.v1 v1.0.0-20201130134442-10cb98267c6c h1:Hei/4ADfdWqJk1ZMxUNpqntNwaWcugrBjAiHlqqRiVk=
gopkg.in/check.v1 v1.0.0-20201130134442-10cb98267c6c/go.mod h1:JHkPIbrfpd72SG/EVd6muEfDQjcINNoR0C8j2r3qZ4Q=
gopkg.in/errgo.v2 v2.1.0/go.mod h1:hNsd1EY+bozCKY1Ytp96fpM3vjJbqLJn88ws8XvfDNI=
gopkg.in/yaml.v2 v2.4.0 h1:D8xgwECY7CYvx+Y2n4sBz93Jn9JRvxdiyyo8CTfuKaY=
gopkg.in/yaml.v2 v2.4.0/go.mod h1:RDklbk79AGWmwhnvt/jBztapEOGDOx6ZbXqjP6csGnQ=
gopkg.in/yaml.v3 v3.0.0-20200313102051-9f266ea9e77c/go.mod h1:K4uyk7z7BCEPqu6E+C64Yfv1cQ7kz7rIZviUmN+EgEM=
gopkg.in/yaml.v3 v3.0.0-20210107192922-496545a6307b/go.mod h1:K4uyk7z7BCEPqu6E+C64Yfv1cQ7kz7rIZviUmN+EgEM=
gopkg.in/yaml.v3 v3.0.1 h1:fxVm/GzAzEWqLHuvctI91KS9hhNmmWOoWu0XTYJS7CA=
gopkg.in/yaml.v3 v3.0.1/go.mod h1:K4uyk7z7BCEPqu6E+C64Yfv1cQ7kz7rIZviUmN+EgEM=
nullprogram.com/x/optparse v1.0.0/go.mod h1:KdyPE+Igbe0jQUrVfMqDMeJQIJZEuyV7pjYmp6pbG50=
rsc.io/pdf v0.1.1/go.mod h1:n8OzWcQ6Sp37PL01nO98y4iUCRdTGarVfzxY20ICaU4=
